// !$*UTF8*$!
{
	archiveVersion = 1;
	classes = {
	};
	objectVersion = 56;
	objects = {

/* Begin PBXBuildFile section */
		181AE8662953AB9800BAD40D /* AwardDetailView.swift in Sources */ = {isa = PBXBuildFile; fileRef = 181AE8652953AB9800BAD40D /* AwardDetailView.swift */; };
		181AE8682953B83000BAD40D /* AwardLockedView.swift in Sources */ = {isa = PBXBuildFile; fileRef = 181AE8672953B83000BAD40D /* AwardLockedView.swift */; };
		181AE86A2953D06100BAD40D /* BadgeImageView.swift in Sources */ = {isa = PBXBuildFile; fileRef = 181AE8692953D06100BAD40D /* BadgeImageView.swift */; };
		1838FC13296A569300EAA116 /* StoreKit.framework in Frameworks */ = {isa = PBXBuildFile; fileRef = 1838FC12296A569300EAA116 /* StoreKit.framework */; };
		1838FC19296A785E00EAA116 /* TaskView.swift in Sources */ = {isa = PBXBuildFile; fileRef = 1838FC18296A785E00EAA116 /* TaskView.swift */; };
		1838FC1C296A7A5A00EAA116 /* Steps.xcdatamodeld in Sources */ = {isa = PBXBuildFile; fileRef = 1838FC1A296A7A5A00EAA116 /* Steps.xcdatamodeld */; };
		1838FC1F296A7B6000EAA116 /* PersistenceController.swift in Sources */ = {isa = PBXBuildFile; fileRef = 1838FC1E296A7B6000EAA116 /* PersistenceController.swift */; };
		1838FC21296A7E8A00EAA116 /* AddTaskView.swift in Sources */ = {isa = PBXBuildFile; fileRef = 1838FC20296A7E8A00EAA116 /* AddTaskView.swift */; };
		1838FC23296A846200EAA116 /* TaskListRowView.swift in Sources */ = {isa = PBXBuildFile; fileRef = 1838FC22296A846200EAA116 /* TaskListRowView.swift */; };
		184E933029401A97005FE1E0 /* StepsApp.swift in Sources */ = {isa = PBXBuildFile; fileRef = 184E932F29401A97005FE1E0 /* StepsApp.swift */; };
		184E933229401A97005FE1E0 /* HomeView.swift in Sources */ = {isa = PBXBuildFile; fileRef = 184E933129401A97005FE1E0 /* HomeView.swift */; };
		184E933429401A98005FE1E0 /* Assets.xcassets in Resources */ = {isa = PBXBuildFile; fileRef = 184E933329401A98005FE1E0 /* Assets.xcassets */; };
		184E933729401A98005FE1E0 /* Preview Assets.xcassets in Resources */ = {isa = PBXBuildFile; fileRef = 184E933629401A98005FE1E0 /* Preview Assets.xcassets */; };
		184FD8B5294BE788000E4576 /* Step.swift in Sources */ = {isa = PBXBuildFile; fileRef = 184FD8B4294BE788000E4576 /* Step.swift */; };
		185B74CD295CDDD9000AD18A /* CircleView.swift in Sources */ = {isa = PBXBuildFile; fileRef = 185B74CC295CDDD9000AD18A /* CircleView.swift */; };
		185B74CF295CEA02000AD18A /* CurrentStepsCardView.swift in Sources */ = {isa = PBXBuildFile; fileRef = 185B74CE295CEA02000AD18A /* CurrentStepsCardView.swift */; };
		185DB3F5294948D2003BCC48 /* MainView.swift in Sources */ = {isa = PBXBuildFile; fileRef = 185DB3F4294948D2003BCC48 /* MainView.swift */; };
		185DB3F929494947003BCC48 /* AwardView.swift in Sources */ = {isa = PBXBuildFile; fileRef = 185DB3F829494947003BCC48 /* AwardView.swift */; };
		185DB3FB2949495B003BCC48 /* SettingsView.swift in Sources */ = {isa = PBXBuildFile; fileRef = 185DB3FA2949495B003BCC48 /* SettingsView.swift */; };
		185DB4032949514D003BCC48 /* WidgetKit.framework in Frameworks */ = {isa = PBXBuildFile; fileRef = 185DB4022949514D003BCC48 /* WidgetKit.framework */; };
		185DB4052949514D003BCC48 /* SwiftUI.framework in Frameworks */ = {isa = PBXBuildFile; fileRef = 185DB4042949514D003BCC48 /* SwiftUI.framework */; };
		185DB4082949514D003BCC48 /* StepsWidgetBundle.swift in Sources */ = {isa = PBXBuildFile; fileRef = 185DB4072949514D003BCC48 /* StepsWidgetBundle.swift */; };
		185DB40A2949514D003BCC48 /* StepsWidget.swift in Sources */ = {isa = PBXBuildFile; fileRef = 185DB4092949514D003BCC48 /* StepsWidget.swift */; };
		185DB40C2949514E003BCC48 /* Assets.xcassets in Resources */ = {isa = PBXBuildFile; fileRef = 185DB40B2949514E003BCC48 /* Assets.xcassets */; };
		185DB4102949514E003BCC48 /* StepsWidgetExtension.appex in Embed Foundation Extensions */ = {isa = PBXBuildFile; fileRef = 185DB4002949514D003BCC48 /* StepsWidgetExtension.appex */; settings = {ATTRIBUTES = (RemoveHeadersOnCopy, ); }; };
		185F75DC295E19EA00F48560 /* StepsViewModel.swift in Sources */ = {isa = PBXBuildFile; fileRef = 18C81E15294A934B0058138F /* StepsViewModel.swift */; };
		185F75DD295E1A4200F48560 /* Date+Ext.swift in Sources */ = {isa = PBXBuildFile; fileRef = 18A1FB1A294AAB93009B87EF /* Date+Ext.swift */; };
		185F75DE295E1A5100F48560 /* Step.swift in Sources */ = {isa = PBXBuildFile; fileRef = 184FD8B4294BE788000E4576 /* Step.swift */; };
		185F75DF295E1A5400F48560 /* Constants.swift in Sources */ = {isa = PBXBuildFile; fileRef = 18F1F9E42956362E00156D4C /* Constants.swift */; };
		1876B8222956774600346975 /* MountainView.swift in Sources */ = {isa = PBXBuildFile; fileRef = 1876B8212956774600346975 /* MountainView.swift */; };
		188042D429527BD700E14D9D /* SettingsViewModel.swift in Sources */ = {isa = PBXBuildFile; fileRef = 188042D329527BD700E14D9D /* SettingsViewModel.swift */; };
		189BDCEA294D163700E8237F /* FactView.swift in Sources */ = {isa = PBXBuildFile; fileRef = 189BDCE9294D163700E8237F /* FactView.swift */; };
		189BDCF0294D3B8A00E8237F /* Award.swift in Sources */ = {isa = PBXBuildFile; fileRef = 189BDCEF294D3B8A00E8237F /* Award.swift */; };
		189BDCF4294D3E1100E8237F /* AwardBadgeView.swift in Sources */ = {isa = PBXBuildFile; fileRef = 189BDCF3294D3E1100E8237F /* AwardBadgeView.swift */; };
		18A1FB1B294AAB93009B87EF /* Date+Ext.swift in Sources */ = {isa = PBXBuildFile; fileRef = 18A1FB1A294AAB93009B87EF /* Date+Ext.swift */; };
		18C35A6F294417DE00A649FC /* CircleProgressBar.swift in Sources */ = {isa = PBXBuildFile; fileRef = 18C35A6E294417DE00A649FC /* CircleProgressBar.swift */; };
		18C81E14294A923B0058138F /* StepsDetailView.swift in Sources */ = {isa = PBXBuildFile; fileRef = 18C81E13294A923B0058138F /* StepsDetailView.swift */; };
		18C81E16294A934B0058138F /* StepsViewModel.swift in Sources */ = {isa = PBXBuildFile; fileRef = 18C81E15294A934B0058138F /* StepsViewModel.swift */; };
		18C81E19294A9B350058138F /* WeekStepsView.swift in Sources */ = {isa = PBXBuildFile; fileRef = 18C81E18294A9B350058138F /* WeekStepsView.swift */; };
		18D438B82ACF4F0D0027541D /* StepsWidgetConfigTemplate.xcconfig in Resources */ = {isa = PBXBuildFile; fileRef = 18D438B72ACF4DD30027541D /* StepsWidgetConfigTemplate.xcconfig */; };
		18D438B92ACF4F0E0027541D /* StepsWidgetConfigTemplate.xcconfig in Resources */ = {isa = PBXBuildFile; fileRef = 18D438B72ACF4DD30027541D /* StepsWidgetConfigTemplate.xcconfig */; };
		18D438BA2ACF4F160027541D /* StepsWidgetConfig.xcconfig in Resources */ = {isa = PBXBuildFile; fileRef = 18D438B62ACF4D6C0027541D /* StepsWidgetConfig.xcconfig */; };
		18D438BB2ACF4F170027541D /* StepsWidgetConfig.xcconfig in Resources */ = {isa = PBXBuildFile; fileRef = 18D438B62ACF4D6C0027541D /* StepsWidgetConfig.xcconfig */; };
		18E37432294E91B100D6B253 /* EditStepsGoalView.swift in Sources */ = {isa = PBXBuildFile; fileRef = 18E37431294E91B100D6B253 /* EditStepsGoalView.swift */; };
		18E37434294E925100D6B253 /* StepsGoalCardView.swift in Sources */ = {isa = PBXBuildFile; fileRef = 18E37433294E925100D6B253 /* StepsGoalCardView.swift */; };
		18F1F9E52956362E00156D4C /* Constants.swift in Sources */ = {isa = PBXBuildFile; fileRef = 18F1F9E42956362E00156D4C /* Constants.swift */; };
		18F27C0A2ACBD26B00413DB4 /* StepsConfig.xcconfig in Resources */ = {isa = PBXBuildFile; fileRef = 18F27C092ACBD26B00413DB4 /* StepsConfig.xcconfig */; };
		18F27C0B2ACBD26B00413DB4 /* StepsConfig.xcconfig in Resources */ = {isa = PBXBuildFile; fileRef = 18F27C092ACBD26B00413DB4 /* StepsConfig.xcconfig */; };
		18F27C0D2ACBD2F500413DB4 /* StepsConfigTemplate.xcconfig in Resources */ = {isa = PBXBuildFile; fileRef = 18F27C0C2ACBD2F500413DB4 /* StepsConfigTemplate.xcconfig */; };
		18F27C0E2ACBD2F500413DB4 /* StepsConfigTemplate.xcconfig in Resources */ = {isa = PBXBuildFile; fileRef = 18F27C0C2ACBD2F500413DB4 /* StepsConfigTemplate.xcconfig */; };
/* End PBXBuildFile section */

/* Begin PBXContainerItemProxy section */
		185DB40E2949514E003BCC48 /* PBXContainerItemProxy */ = {
			isa = PBXContainerItemProxy;
			containerPortal = 184E932429401A97005FE1E0 /* Project object */;
			proxyType = 1;
			remoteGlobalIDString = 185DB3FF2949514D003BCC48;
			remoteInfo = StepsWidgetExtension;
		};
/* End PBXContainerItemProxy section */

/* Begin PBXCopyFilesBuildPhase section */
		185DB4142949514E003BCC48 /* Embed Foundation Extensions */ = {
			isa = PBXCopyFilesBuildPhase;
			buildActionMask = 2147483647;
			dstPath = "";
			dstSubfolderSpec = 13;
			files = (
				185DB4102949514E003BCC48 /* StepsWidgetExtension.appex in Embed Foundation Extensions */,
			);
			name = "Embed Foundation Extensions";
			runOnlyForDeploymentPostprocessing = 0;
		};
/* End PBXCopyFilesBuildPhase section */

/* Begin PBXFileReference section */
		181AE8652953AB9800BAD40D /* AwardDetailView.swift */ = {isa = PBXFileReference; lastKnownFileType = sourcecode.swift; path = AwardDetailView.swift; sourceTree = "<group>"; };
		181AE8672953B83000BAD40D /* AwardLockedView.swift */ = {isa = PBXFileReference; lastKnownFileType = sourcecode.swift; path = AwardLockedView.swift; sourceTree = "<group>"; };
		181AE8692953D06100BAD40D /* BadgeImageView.swift */ = {isa = PBXFileReference; lastKnownFileType = sourcecode.swift; path = BadgeImageView.swift; sourceTree = "<group>"; };
		1838FC12296A569300EAA116 /* StoreKit.framework */ = {isa = PBXFileReference; lastKnownFileType = wrapper.framework; name = StoreKit.framework; path = System/Library/Frameworks/StoreKit.framework; sourceTree = SDKROOT; };
		1838FC18296A785E00EAA116 /* TaskView.swift */ = {isa = PBXFileReference; lastKnownFileType = sourcecode.swift; path = TaskView.swift; sourceTree = "<group>"; };
		1838FC1B296A7A5A00EAA116 /* Steps.xcdatamodel */ = {isa = PBXFileReference; lastKnownFileType = wrapper.xcdatamodel; path = Steps.xcdatamodel; sourceTree = "<group>"; };
		1838FC1E296A7B6000EAA116 /* PersistenceController.swift */ = {isa = PBXFileReference; lastKnownFileType = sourcecode.swift; path = PersistenceController.swift; sourceTree = "<group>"; };
		1838FC20296A7E8A00EAA116 /* AddTaskView.swift */ = {isa = PBXFileReference; lastKnownFileType = sourcecode.swift; path = AddTaskView.swift; sourceTree = "<group>"; };
		1838FC22296A846200EAA116 /* TaskListRowView.swift */ = {isa = PBXFileReference; lastKnownFileType = sourcecode.swift; path = TaskListRowView.swift; sourceTree = "<group>"; };
		184E932C29401A97005FE1E0 /* Steps.app */ = {isa = PBXFileReference; explicitFileType = wrapper.application; includeInIndex = 0; path = Steps.app; sourceTree = BUILT_PRODUCTS_DIR; };
		184E932F29401A97005FE1E0 /* StepsApp.swift */ = {isa = PBXFileReference; lastKnownFileType = sourcecode.swift; path = StepsApp.swift; sourceTree = "<group>"; };
		184E933129401A97005FE1E0 /* HomeView.swift */ = {isa = PBXFileReference; lastKnownFileType = sourcecode.swift; path = HomeView.swift; sourceTree = "<group>"; };
		184E933329401A98005FE1E0 /* Assets.xcassets */ = {isa = PBXFileReference; lastKnownFileType = folder.assetcatalog; path = Assets.xcassets; sourceTree = "<group>"; };
		184E933629401A98005FE1E0 /* Preview Assets.xcassets */ = {isa = PBXFileReference; lastKnownFileType = folder.assetcatalog; path = "Preview Assets.xcassets"; sourceTree = "<group>"; };
		184E934129401D8E005FE1E0 /* Info.plist */ = {isa = PBXFileReference; lastKnownFileType = text.plist; path = Info.plist; sourceTree = "<group>"; };
		184E9342294025D7005FE1E0 /* Steps.entitlements */ = {isa = PBXFileReference; lastKnownFileType = text.plist.entitlements; path = Steps.entitlements; sourceTree = "<group>"; };
		184FD8B4294BE788000E4576 /* Step.swift */ = {isa = PBXFileReference; lastKnownFileType = sourcecode.swift; path = Step.swift; sourceTree = "<group>"; };
		185B74CC295CDDD9000AD18A /* CircleView.swift */ = {isa = PBXFileReference; lastKnownFileType = sourcecode.swift; path = CircleView.swift; sourceTree = "<group>"; };
		185B74CE295CEA02000AD18A /* CurrentStepsCardView.swift */ = {isa = PBXFileReference; lastKnownFileType = sourcecode.swift; path = CurrentStepsCardView.swift; sourceTree = "<group>"; };
		185DB3F4294948D2003BCC48 /* MainView.swift */ = {isa = PBXFileReference; lastKnownFileType = sourcecode.swift; path = MainView.swift; sourceTree = "<group>"; };
		185DB3F829494947003BCC48 /* AwardView.swift */ = {isa = PBXFileReference; lastKnownFileType = sourcecode.swift; path = AwardView.swift; sourceTree = "<group>"; };
		185DB3FA2949495B003BCC48 /* SettingsView.swift */ = {isa = PBXFileReference; lastKnownFileType = sourcecode.swift; path = SettingsView.swift; sourceTree = "<group>"; };
		185DB4002949514D003BCC48 /* StepsWidgetExtension.appex */ = {isa = PBXFileReference; explicitFileType = "wrapper.app-extension"; includeInIndex = 0; path = StepsWidgetExtension.appex; sourceTree = BUILT_PRODUCTS_DIR; };
		185DB4022949514D003BCC48 /* WidgetKit.framework */ = {isa = PBXFileReference; lastKnownFileType = wrapper.framework; name = WidgetKit.framework; path = System/Library/Frameworks/WidgetKit.framework; sourceTree = SDKROOT; };
		185DB4042949514D003BCC48 /* SwiftUI.framework */ = {isa = PBXFileReference; lastKnownFileType = wrapper.framework; name = SwiftUI.framework; path = System/Library/Frameworks/SwiftUI.framework; sourceTree = SDKROOT; };
		185DB4072949514D003BCC48 /* StepsWidgetBundle.swift */ = {isa = PBXFileReference; lastKnownFileType = sourcecode.swift; path = StepsWidgetBundle.swift; sourceTree = "<group>"; };
		185DB4092949514D003BCC48 /* StepsWidget.swift */ = {isa = PBXFileReference; lastKnownFileType = sourcecode.swift; path = StepsWidget.swift; sourceTree = "<group>"; };
		185DB40B2949514E003BCC48 /* Assets.xcassets */ = {isa = PBXFileReference; lastKnownFileType = folder.assetcatalog; path = Assets.xcassets; sourceTree = "<group>"; };
		185DB40D2949514E003BCC48 /* Info.plist */ = {isa = PBXFileReference; lastKnownFileType = text.plist.xml; path = Info.plist; sourceTree = "<group>"; };
		185DE12D2968D59100AD81F2 /* StepsWidgetExtension.entitlements */ = {isa = PBXFileReference; lastKnownFileType = text.plist.entitlements; path = StepsWidgetExtension.entitlements; sourceTree = "<group>"; };
		1876B8212956774600346975 /* MountainView.swift */ = {isa = PBXFileReference; lastKnownFileType = sourcecode.swift; path = MountainView.swift; sourceTree = "<group>"; };
		188042D329527BD700E14D9D /* SettingsViewModel.swift */ = {isa = PBXFileReference; lastKnownFileType = sourcecode.swift; path = SettingsViewModel.swift; sourceTree = "<group>"; };
		189BDCE9294D163700E8237F /* FactView.swift */ = {isa = PBXFileReference; lastKnownFileType = sourcecode.swift; path = FactView.swift; sourceTree = "<group>"; };
		189BDCEF294D3B8A00E8237F /* Award.swift */ = {isa = PBXFileReference; lastKnownFileType = sourcecode.swift; path = Award.swift; sourceTree = "<group>"; };
		189BDCF3294D3E1100E8237F /* AwardBadgeView.swift */ = {isa = PBXFileReference; lastKnownFileType = sourcecode.swift; path = AwardBadgeView.swift; sourceTree = "<group>"; };
		18A1FB1A294AAB93009B87EF /* Date+Ext.swift */ = {isa = PBXFileReference; lastKnownFileType = sourcecode.swift; path = "Date+Ext.swift"; sourceTree = "<group>"; };
		18C35A6E294417DE00A649FC /* CircleProgressBar.swift */ = {isa = PBXFileReference; lastKnownFileType = sourcecode.swift; path = CircleProgressBar.swift; sourceTree = "<group>"; };
		18C81E13294A923B0058138F /* StepsDetailView.swift */ = {isa = PBXFileReference; lastKnownFileType = sourcecode.swift; path = StepsDetailView.swift; sourceTree = "<group>"; };
		18C81E15294A934B0058138F /* StepsViewModel.swift */ = {isa = PBXFileReference; lastKnownFileType = sourcecode.swift; path = StepsViewModel.swift; sourceTree = "<group>"; };
		18C81E18294A9B350058138F /* WeekStepsView.swift */ = {isa = PBXFileReference; lastKnownFileType = sourcecode.swift; path = WeekStepsView.swift; sourceTree = "<group>"; };
		18D438B62ACF4D6C0027541D /* StepsWidgetConfig.xcconfig */ = {isa = PBXFileReference; lastKnownFileType = text.xcconfig; path = StepsWidgetConfig.xcconfig; sourceTree = "<group>"; };
		18D438B72ACF4DD30027541D /* StepsWidgetConfigTemplate.xcconfig */ = {isa = PBXFileReference; lastKnownFileType = text.xcconfig; path = StepsWidgetConfigTemplate.xcconfig; sourceTree = "<group>"; };
		18E37431294E91B100D6B253 /* EditStepsGoalView.swift */ = {isa = PBXFileReference; lastKnownFileType = sourcecode.swift; path = EditStepsGoalView.swift; sourceTree = "<group>"; };
		18E37433294E925100D6B253 /* StepsGoalCardView.swift */ = {isa = PBXFileReference; lastKnownFileType = sourcecode.swift; path = StepsGoalCardView.swift; sourceTree = "<group>"; };
		18F1F9E42956362E00156D4C /* Constants.swift */ = {isa = PBXFileReference; lastKnownFileType = sourcecode.swift; path = Constants.swift; sourceTree = "<group>"; };
		18F27C092ACBD26B00413DB4 /* StepsConfig.xcconfig */ = {isa = PBXFileReference; lastKnownFileType = text.xcconfig; path = StepsConfig.xcconfig; sourceTree = "<group>"; };
		18F27C0C2ACBD2F500413DB4 /* StepsConfigTemplate.xcconfig */ = {isa = PBXFileReference; lastKnownFileType = text.xcconfig; path = StepsConfigTemplate.xcconfig; sourceTree = "<group>"; };
/* End PBXFileReference section */

/* Begin PBXFrameworksBuildPhase section */
		184E932929401A97005FE1E0 /* Frameworks */ = {
			isa = PBXFrameworksBuildPhase;
			buildActionMask = 2147483647;
			files = (
				1838FC13296A569300EAA116 /* StoreKit.framework in Frameworks */,
			);
			runOnlyForDeploymentPostprocessing = 0;
		};
		185DB3FD2949514D003BCC48 /* Frameworks */ = {
			isa = PBXFrameworksBuildPhase;
			buildActionMask = 2147483647;
			files = (
				185DB4052949514D003BCC48 /* SwiftUI.framework in Frameworks */,
				185DB4032949514D003BCC48 /* WidgetKit.framework in Frameworks */,
			);
			runOnlyForDeploymentPostprocessing = 0;
		};
/* End PBXFrameworksBuildPhase section */

/* Begin PBXGroup section */
		1838FC1D296A7B2C00EAA116 /* CoreData */ = {
			isa = PBXGroup;
			children = (
				1838FC1A296A7A5A00EAA116 /* Steps.xcdatamodeld */,
				1838FC1E296A7B6000EAA116 /* PersistenceController.swift */,
			);
			path = CoreData;
			sourceTree = "<group>";
		};
		1838FC24296A85D700EAA116 /* Extensions */ = {
			isa = PBXGroup;
			children = (
				18A1FB1A294AAB93009B87EF /* Date+Ext.swift */,
			);
			path = Extensions;
			sourceTree = "<group>";
		};
		184E932329401A97005FE1E0 = {
			isa = PBXGroup;
			children = (
				185DE12D2968D59100AD81F2 /* StepsWidgetExtension.entitlements */,
				184E932E29401A97005FE1E0 /* Steps */,
				185DB4062949514D003BCC48 /* StepsWidget */,
				185DB4012949514D003BCC48 /* Frameworks */,
				184E932D29401A97005FE1E0 /* Products */,
			);
			sourceTree = "<group>";
		};
		184E932D29401A97005FE1E0 /* Products */ = {
			isa = PBXGroup;
			children = (
				184E932C29401A97005FE1E0 /* Steps.app */,
				185DB4002949514D003BCC48 /* StepsWidgetExtension.appex */,
			);
			name = Products;
			sourceTree = "<group>";
		};
		184E932E29401A97005FE1E0 /* Steps */ = {
			isa = PBXGroup;
			children = (
				18F27C092ACBD26B00413DB4 /* StepsConfig.xcconfig */,
				18F27C0C2ACBD2F500413DB4 /* StepsConfigTemplate.xcconfig */,
				18D438B72ACF4DD30027541D /* StepsWidgetConfigTemplate.xcconfig */,
				18D438B62ACF4D6C0027541D /* StepsWidgetConfig.xcconfig */,
				184E932F29401A97005FE1E0 /* StepsApp.swift */,
				184E9342294025D7005FE1E0 /* Steps.entitlements */,
				184E933329401A98005FE1E0 /* Assets.xcassets */,
				184E934129401D8E005FE1E0 /* Info.plist */,
				1838FC1D296A7B2C00EAA116 /* CoreData */,
				18C81E17294A95820058138F /* ViewModel */,
				185DB3F6294948DA003BCC48 /* Screens */,
				18A1FB1C294AAC1B009B87EF /* Utilities */,
				185DB3F7294948E1003BCC48 /* Views */,
				184FD8B6294BE78D000E4576 /* Model */,
				184E933529401A98005FE1E0 /* Preview Content */,
			);
			path = Steps;
			sourceTree = "<group>";
		};
		184E933529401A98005FE1E0 /* Preview Content */ = {
			isa = PBXGroup;
			children = (
				184E933629401A98005FE1E0 /* Preview Assets.xcassets */,
			);
			path = "Preview Content";
			sourceTree = "<group>";
		};
		184FD8B6294BE78D000E4576 /* Model */ = {
			isa = PBXGroup;
			children = (
				184FD8B4294BE788000E4576 /* Step.swift */,
				189BDCEF294D3B8A00E8237F /* Award.swift */,
			);
			path = Model;
			sourceTree = "<group>";
		};
		185DB3F6294948DA003BCC48 /* Screens */ = {
			isa = PBXGroup;
			children = (
				185DB3F4294948D2003BCC48 /* MainView.swift */,
				184E933129401A97005FE1E0 /* HomeView.swift */,
				185DB3F829494947003BCC48 /* AwardView.swift */,
				185DB3FA2949495B003BCC48 /* SettingsView.swift */,
				18C81E13294A923B0058138F /* StepsDetailView.swift */,
				18E37431294E91B100D6B253 /* EditStepsGoalView.swift */,
				181AE8652953AB9800BAD40D /* AwardDetailView.swift */,
				181AE8672953B83000BAD40D /* AwardLockedView.swift */,
				1838FC18296A785E00EAA116 /* TaskView.swift */,
			);
			path = Screens;
			sourceTree = "<group>";
		};
		185DB3F7294948E1003BCC48 /* Views */ = {
			isa = PBXGroup;
			children = (
				18C35A6E294417DE00A649FC /* CircleProgressBar.swift */,
				18C81E18294A9B350058138F /* WeekStepsView.swift */,
				189BDCE9294D163700E8237F /* FactView.swift */,
				189BDCF3294D3E1100E8237F /* AwardBadgeView.swift */,
				18E37433294E925100D6B253 /* StepsGoalCardView.swift */,
				181AE8692953D06100BAD40D /* BadgeImageView.swift */,
				1876B8212956774600346975 /* MountainView.swift */,
				185B74CC295CDDD9000AD18A /* CircleView.swift */,
				185B74CE295CEA02000AD18A /* CurrentStepsCardView.swift */,
				1838FC20296A7E8A00EAA116 /* AddTaskView.swift */,
				1838FC22296A846200EAA116 /* TaskListRowView.swift */,
			);
			path = Views;
			sourceTree = "<group>";
		};
		185DB4012949514D003BCC48 /* Frameworks */ = {
			isa = PBXGroup;
			children = (
				1838FC12296A569300EAA116 /* StoreKit.framework */,
				185DB4022949514D003BCC48 /* WidgetKit.framework */,
				185DB4042949514D003BCC48 /* SwiftUI.framework */,
			);
			name = Frameworks;
			sourceTree = "<group>";
		};
		185DB4062949514D003BCC48 /* StepsWidget */ = {
			isa = PBXGroup;
			children = (
				185DB4072949514D003BCC48 /* StepsWidgetBundle.swift */,
				185DB4092949514D003BCC48 /* StepsWidget.swift */,
				185DB40B2949514E003BCC48 /* Assets.xcassets */,
				185DB40D2949514E003BCC48 /* Info.plist */,
			);
			path = StepsWidget;
			sourceTree = "<group>";
		};
		18A1FB1C294AAC1B009B87EF /* Utilities */ = {
			isa = PBXGroup;
			children = (
				1838FC24296A85D700EAA116 /* Extensions */,
				18F1F9E42956362E00156D4C /* Constants.swift */,
			);
			path = Utilities;
			sourceTree = "<group>";
		};
		18C81E17294A95820058138F /* ViewModel */ = {
			isa = PBXGroup;
			children = (
				18C81E15294A934B0058138F /* StepsViewModel.swift */,
				188042D329527BD700E14D9D /* SettingsViewModel.swift */,
			);
			path = ViewModel;
			sourceTree = "<group>";
		};
/* End PBXGroup section */

/* Begin PBXNativeTarget section */
		184E932B29401A97005FE1E0 /* Steps */ = {
			isa = PBXNativeTarget;
			buildConfigurationList = 184E933A29401A98005FE1E0 /* Build configuration list for PBXNativeTarget "Steps" */;
			buildPhases = (
				184E932829401A97005FE1E0 /* Sources */,
				184E932929401A97005FE1E0 /* Frameworks */,
				184E932A29401A97005FE1E0 /* Resources */,
				185DB4142949514E003BCC48 /* Embed Foundation Extensions */,
			);
			buildRules = (
			);
			dependencies = (
				185DB40F2949514E003BCC48 /* PBXTargetDependency */,
			);
			name = Steps;
			packageProductDependencies = (
			);
			productName = Steps;
			productReference = 184E932C29401A97005FE1E0 /* Steps.app */;
			productType = "com.apple.product-type.application";
		};
		185DB3FF2949514D003BCC48 /* StepsWidgetExtension */ = {
			isa = PBXNativeTarget;
			buildConfigurationList = 185DB4112949514E003BCC48 /* Build configuration list for PBXNativeTarget "StepsWidgetExtension" */;
			buildPhases = (
				185DB3FC2949514D003BCC48 /* Sources */,
				185DB3FD2949514D003BCC48 /* Frameworks */,
				185DB3FE2949514D003BCC48 /* Resources */,
			);
			buildRules = (
			);
			dependencies = (
			);
			name = StepsWidgetExtension;
			productName = StepsWidgetExtension;
			productReference = 185DB4002949514D003BCC48 /* StepsWidgetExtension.appex */;
			productType = "com.apple.product-type.app-extension";
		};
/* End PBXNativeTarget section */

/* Begin PBXProject section */
		184E932429401A97005FE1E0 /* Project object */ = {
			isa = PBXProject;
			attributes = {
				BuildIndependentTargetsInParallel = 1;
				LastSwiftUpdateCheck = 1410;
				LastUpgradeCheck = 1410;
				TargetAttributes = {
					184E932B29401A97005FE1E0 = {
						CreatedOnToolsVersion = 14.1;
					};
					185DB3FF2949514D003BCC48 = {
						CreatedOnToolsVersion = 14.1;
					};
				};
			};
			buildConfigurationList = 184E932729401A97005FE1E0 /* Build configuration list for PBXProject "Steps" */;
			compatibilityVersion = "Xcode 14.0";
			developmentRegion = en;
			hasScannedForEncodings = 0;
			knownRegions = (
				en,
				Base,
			);
			mainGroup = 184E932329401A97005FE1E0;
			packageReferences = (
			);
			productRefGroup = 184E932D29401A97005FE1E0 /* Products */;
			projectDirPath = "";
			projectRoot = "";
			targets = (
				184E932B29401A97005FE1E0 /* Steps */,
				185DB3FF2949514D003BCC48 /* StepsWidgetExtension */,
			);
		};
/* End PBXProject section */

/* Begin PBXResourcesBuildPhase section */
		184E932A29401A97005FE1E0 /* Resources */ = {
			isa = PBXResourcesBuildPhase;
			buildActionMask = 2147483647;
			files = (
				18F27C0D2ACBD2F500413DB4 /* StepsConfigTemplate.xcconfig in Resources */,
				184E933729401A98005FE1E0 /* Preview Assets.xcassets in Resources */,
				18D438BA2ACF4F160027541D /* StepsWidgetConfig.xcconfig in Resources */,
				184E933429401A98005FE1E0 /* Assets.xcassets in Resources */,
				18F27C0A2ACBD26B00413DB4 /* StepsConfig.xcconfig in Resources */,
				18D438B82ACF4F0D0027541D /* StepsWidgetConfigTemplate.xcconfig in Resources */,
			);
			runOnlyForDeploymentPostprocessing = 0;
		};
		185DB3FE2949514D003BCC48 /* Resources */ = {
			isa = PBXResourcesBuildPhase;
			buildActionMask = 2147483647;
			files = (
				18F27C0B2ACBD26B00413DB4 /* StepsConfig.xcconfig in Resources */,
				185DB40C2949514E003BCC48 /* Assets.xcassets in Resources */,
				18D438B92ACF4F0E0027541D /* StepsWidgetConfigTemplate.xcconfig in Resources */,
				18D438BB2ACF4F170027541D /* StepsWidgetConfig.xcconfig in Resources */,
				18F27C0E2ACBD2F500413DB4 /* StepsConfigTemplate.xcconfig in Resources */,
			);
			runOnlyForDeploymentPostprocessing = 0;
		};
/* End PBXResourcesBuildPhase section */

/* Begin PBXSourcesBuildPhase section */
		184E932829401A97005FE1E0 /* Sources */ = {
			isa = PBXSourcesBuildPhase;
			buildActionMask = 2147483647;
			files = (
				184FD8B5294BE788000E4576 /* Step.swift in Sources */,
				18C35A6F294417DE00A649FC /* CircleProgressBar.swift in Sources */,
				185DB3F929494947003BCC48 /* AwardView.swift in Sources */,
				18C81E16294A934B0058138F /* StepsViewModel.swift in Sources */,
				185B74CF295CEA02000AD18A /* CurrentStepsCardView.swift in Sources */,
				181AE8682953B83000BAD40D /* AwardLockedView.swift in Sources */,
				189BDCF4294D3E1100E8237F /* AwardBadgeView.swift in Sources */,
				18E37432294E91B100D6B253 /* EditStepsGoalView.swift in Sources */,
				1838FC1F296A7B6000EAA116 /* PersistenceController.swift in Sources */,
				185B74CD295CDDD9000AD18A /* CircleView.swift in Sources */,
				185DB3F5294948D2003BCC48 /* MainView.swift in Sources */,
				189BDCF0294D3B8A00E8237F /* Award.swift in Sources */,
				181AE8662953AB9800BAD40D /* AwardDetailView.swift in Sources */,
				188042D429527BD700E14D9D /* SettingsViewModel.swift in Sources */,
				1838FC19296A785E00EAA116 /* TaskView.swift in Sources */,
				18F1F9E52956362E00156D4C /* Constants.swift in Sources */,
				1838FC23296A846200EAA116 /* TaskListRowView.swift in Sources */,
				18C81E14294A923B0058138F /* StepsDetailView.swift in Sources */,
				18E37434294E925100D6B253 /* StepsGoalCardView.swift in Sources */,
				189BDCEA294D163700E8237F /* FactView.swift in Sources */,
				1876B8222956774600346975 /* MountainView.swift in Sources */,
				18C81E19294A9B350058138F /* WeekStepsView.swift in Sources */,
				1838FC1C296A7A5A00EAA116 /* Steps.xcdatamodeld in Sources */,
				185DB3FB2949495B003BCC48 /* SettingsView.swift in Sources */,
				181AE86A2953D06100BAD40D /* BadgeImageView.swift in Sources */,
				184E933229401A97005FE1E0 /* HomeView.swift in Sources */,
				184E933029401A97005FE1E0 /* StepsApp.swift in Sources */,
				18A1FB1B294AAB93009B87EF /* Date+Ext.swift in Sources */,
				1838FC21296A7E8A00EAA116 /* AddTaskView.swift in Sources */,
			);
			runOnlyForDeploymentPostprocessing = 0;
		};
		185DB3FC2949514D003BCC48 /* Sources */ = {
			isa = PBXSourcesBuildPhase;
			buildActionMask = 2147483647;
			files = (
				185F75DC295E19EA00F48560 /* StepsViewModel.swift in Sources */,
				185DB4082949514D003BCC48 /* StepsWidgetBundle.swift in Sources */,
				185F75DE295E1A5100F48560 /* Step.swift in Sources */,
				185DB40A2949514D003BCC48 /* StepsWidget.swift in Sources */,
				185F75DD295E1A4200F48560 /* Date+Ext.swift in Sources */,
				185F75DF295E1A5400F48560 /* Constants.swift in Sources */,
			);
			runOnlyForDeploymentPostprocessing = 0;
		};
/* End PBXSourcesBuildPhase section */

/* Begin PBXTargetDependency section */
		185DB40F2949514E003BCC48 /* PBXTargetDependency */ = {
			isa = PBXTargetDependency;
			target = 185DB3FF2949514D003BCC48 /* StepsWidgetExtension */;
			targetProxy = 185DB40E2949514E003BCC48 /* PBXContainerItemProxy */;
		};
/* End PBXTargetDependency section */

/* Begin XCBuildConfiguration section */
		184E933829401A98005FE1E0 /* Debug */ = {
			isa = XCBuildConfiguration;
			baseConfigurationReference = 18F27C092ACBD26B00413DB4 /* StepsConfig.xcconfig */;
			buildSettings = {
				ALWAYS_SEARCH_USER_PATHS = NO;
				CLANG_ANALYZER_NONNULL = YES;
				CLANG_ANALYZER_NUMBER_OBJECT_CONVERSION = YES_AGGRESSIVE;
				CLANG_CXX_LANGUAGE_STANDARD = "gnu++20";
				CLANG_ENABLE_MODULES = YES;
				CLANG_ENABLE_OBJC_ARC = YES;
				CLANG_ENABLE_OBJC_WEAK = YES;
				CLANG_WARN_BLOCK_CAPTURE_AUTORELEASING = YES;
				CLANG_WARN_BOOL_CONVERSION = YES;
				CLANG_WARN_COMMA = YES;
				CLANG_WARN_CONSTANT_CONVERSION = YES;
				CLANG_WARN_DEPRECATED_OBJC_IMPLEMENTATIONS = YES;
				CLANG_WARN_DIRECT_OBJC_ISA_USAGE = YES_ERROR;
				CLANG_WARN_DOCUMENTATION_COMMENTS = YES;
				CLANG_WARN_EMPTY_BODY = YES;
				CLANG_WARN_ENUM_CONVERSION = YES;
				CLANG_WARN_INFINITE_RECURSION = YES;
				CLANG_WARN_INT_CONVERSION = YES;
				CLANG_WARN_NON_LITERAL_NULL_CONVERSION = YES;
				CLANG_WARN_OBJC_IMPLICIT_RETAIN_SELF = YES;
				CLANG_WARN_OBJC_LITERAL_CONVERSION = YES;
				CLANG_WARN_OBJC_ROOT_CLASS = YES_ERROR;
				CLANG_WARN_QUOTED_INCLUDE_IN_FRAMEWORK_HEADER = YES;
				CLANG_WARN_RANGE_LOOP_ANALYSIS = YES;
				CLANG_WARN_STRICT_PROTOTYPES = YES;
				CLANG_WARN_SUSPICIOUS_MOVE = YES;
				CLANG_WARN_UNGUARDED_AVAILABILITY = YES_AGGRESSIVE;
				CLANG_WARN_UNREACHABLE_CODE = YES;
				CLANG_WARN__DUPLICATE_METHOD_MATCH = YES;
				COPY_PHASE_STRIP = NO;
				DEBUG_INFORMATION_FORMAT = dwarf;
				ENABLE_STRICT_OBJC_MSGSEND = YES;
				ENABLE_TESTABILITY = YES;
				GCC_C_LANGUAGE_STANDARD = gnu11;
				GCC_DYNAMIC_NO_PIC = NO;
				GCC_NO_COMMON_BLOCKS = YES;
				GCC_OPTIMIZATION_LEVEL = 0;
				GCC_PREPROCESSOR_DEFINITIONS = (
					"DEBUG=1",
					"$(inherited)",
				);
				GCC_WARN_64_TO_32_BIT_CONVERSION = YES;
				GCC_WARN_ABOUT_RETURN_TYPE = YES_ERROR;
				GCC_WARN_UNDECLARED_SELECTOR = YES;
				GCC_WARN_UNINITIALIZED_AUTOS = YES_AGGRESSIVE;
				GCC_WARN_UNUSED_FUNCTION = YES;
				GCC_WARN_UNUSED_VARIABLE = YES;
				IPHONEOS_DEPLOYMENT_TARGET = 16.1;
				MTL_ENABLE_DEBUG_INFO = INCLUDE_SOURCE;
				MTL_FAST_MATH = YES;
				ONLY_ACTIVE_ARCH = YES;
				SDKROOT = iphoneos;
				SWIFT_ACTIVE_COMPILATION_CONDITIONS = DEBUG;
				SWIFT_OPTIMIZATION_LEVEL = "-Onone";
			};
			name = Debug;
		};
		184E933929401A98005FE1E0 /* Release */ = {
			isa = XCBuildConfiguration;
			baseConfigurationReference = 18F27C092ACBD26B00413DB4 /* StepsConfig.xcconfig */;
			buildSettings = {
				ALWAYS_SEARCH_USER_PATHS = NO;
				CLANG_ANALYZER_NONNULL = YES;
				CLANG_ANALYZER_NUMBER_OBJECT_CONVERSION = YES_AGGRESSIVE;
				CLANG_CXX_LANGUAGE_STANDARD = "gnu++20";
				CLANG_ENABLE_MODULES = YES;
				CLANG_ENABLE_OBJC_ARC = YES;
				CLANG_ENABLE_OBJC_WEAK = YES;
				CLANG_WARN_BLOCK_CAPTURE_AUTORELEASING = YES;
				CLANG_WARN_BOOL_CONVERSION = YES;
				CLANG_WARN_COMMA = YES;
				CLANG_WARN_CONSTANT_CONVERSION = YES;
				CLANG_WARN_DEPRECATED_OBJC_IMPLEMENTATIONS = YES;
				CLANG_WARN_DIRECT_OBJC_ISA_USAGE = YES_ERROR;
				CLANG_WARN_DOCUMENTATION_COMMENTS = YES;
				CLANG_WARN_EMPTY_BODY = YES;
				CLANG_WARN_ENUM_CONVERSION = YES;
				CLANG_WARN_INFINITE_RECURSION = YES;
				CLANG_WARN_INT_CONVERSION = YES;
				CLANG_WARN_NON_LITERAL_NULL_CONVERSION = YES;
				CLANG_WARN_OBJC_IMPLICIT_RETAIN_SELF = YES;
				CLANG_WARN_OBJC_LITERAL_CONVERSION = YES;
				CLANG_WARN_OBJC_ROOT_CLASS = YES_ERROR;
				CLANG_WARN_QUOTED_INCLUDE_IN_FRAMEWORK_HEADER = YES;
				CLANG_WARN_RANGE_LOOP_ANALYSIS = YES;
				CLANG_WARN_STRICT_PROTOTYPES = YES;
				CLANG_WARN_SUSPICIOUS_MOVE = YES;
				CLANG_WARN_UNGUARDED_AVAILABILITY = YES_AGGRESSIVE;
				CLANG_WARN_UNREACHABLE_CODE = YES;
				CLANG_WARN__DUPLICATE_METHOD_MATCH = YES;
				COPY_PHASE_STRIP = NO;
				DEBUG_INFORMATION_FORMAT = "dwarf-with-dsym";
				ENABLE_NS_ASSERTIONS = NO;
				ENABLE_STRICT_OBJC_MSGSEND = YES;
				GCC_C_LANGUAGE_STANDARD = gnu11;
				GCC_NO_COMMON_BLOCKS = YES;
				GCC_WARN_64_TO_32_BIT_CONVERSION = YES;
				GCC_WARN_ABOUT_RETURN_TYPE = YES_ERROR;
				GCC_WARN_UNDECLARED_SELECTOR = YES;
				GCC_WARN_UNINITIALIZED_AUTOS = YES_AGGRESSIVE;
				GCC_WARN_UNUSED_FUNCTION = YES;
				GCC_WARN_UNUSED_VARIABLE = YES;
				IPHONEOS_DEPLOYMENT_TARGET = 16.1;
				MTL_ENABLE_DEBUG_INFO = NO;
				MTL_FAST_MATH = YES;
				SDKROOT = iphoneos;
				SWIFT_COMPILATION_MODE = wholemodule;
				SWIFT_OPTIMIZATION_LEVEL = "-O";
				VALIDATE_PRODUCT = YES;
			};
			name = Release;
		};
		184E933B29401A98005FE1E0 /* Debug */ = {
			isa = XCBuildConfiguration;
			baseConfigurationReference = 18F27C092ACBD26B00413DB4 /* StepsConfig.xcconfig */;
			buildSettings = {
				ALWAYS_EMBED_SWIFT_STANDARD_LIBRARIES = YES;
				ASSETCATALOG_COMPILER_APPICON_NAME = AppIcon;
				ASSETCATALOG_COMPILER_GLOBAL_ACCENT_COLOR_NAME = AccentColor;
				CODE_SIGN_ENTITLEMENTS = Steps/Steps.entitlements;
				CODE_SIGN_STYLE = Automatic;
				CURRENT_PROJECT_VERSION = 1;
				DEVELOPMENT_ASSET_PATHS = "\"Steps/Preview Content\"";
				ENABLE_PREVIEWS = YES;
				GENERATE_INFOPLIST_FILE = YES;
				INFOPLIST_FILE = Steps/Info.plist;
				INFOPLIST_KEY_NSHealthShareUsageDescription = "Our app needs to access your step count from your device.";
				INFOPLIST_KEY_NSHealthUpdateUsageDescription = "Our app needs to access your step count from your device.";
				INFOPLIST_KEY_NSMotionUsageDescription = "My app needs access to the pedometer to track the number of steps you take.";
				INFOPLIST_KEY_UIApplicationSceneManifest_Generation = YES;
				INFOPLIST_KEY_UIApplicationSupportsIndirectInputEvents = YES;
				INFOPLIST_KEY_UILaunchScreen_Generation = YES;
				INFOPLIST_KEY_UISupportedInterfaceOrientations = UIInterfaceOrientationPortrait;
				INFOPLIST_KEY_UISupportedInterfaceOrientations_iPad = "UIInterfaceOrientationLandscapeLeft UIInterfaceOrientationLandscapeRight UIInterfaceOrientationPortrait UIInterfaceOrientationPortraitUpsideDown";
				IPHONEOS_DEPLOYMENT_TARGET = 16.0;
				LD_RUNPATH_SEARCH_PATHS = (
					"$(inherited)",
					"@executable_path/Frameworks",
				);
				MARKETING_VERSION = 1.0.1;
				PRODUCT_NAME = "$(TARGET_NAME)";
				SUPPORTED_PLATFORMS = "iphoneos iphonesimulator";
				SUPPORTS_MACCATALYST = NO;
				SUPPORTS_MAC_DESIGNED_FOR_IPHONE_IPAD = NO;
				SWIFT_EMIT_LOC_STRINGS = YES;
				SWIFT_VERSION = 5.0;
				TARGETED_DEVICE_FAMILY = 1;
			};
			name = Debug;
		};
		184E933C29401A98005FE1E0 /* Release */ = {
			isa = XCBuildConfiguration;
			baseConfigurationReference = 18F27C092ACBD26B00413DB4 /* StepsConfig.xcconfig */;
			buildSettings = {
				ALWAYS_EMBED_SWIFT_STANDARD_LIBRARIES = YES;
				ASSETCATALOG_COMPILER_APPICON_NAME = AppIcon;
				ASSETCATALOG_COMPILER_GLOBAL_ACCENT_COLOR_NAME = AccentColor;
				CODE_SIGN_ENTITLEMENTS = Steps/Steps.entitlements;
				CODE_SIGN_STYLE = Automatic;
				CURRENT_PROJECT_VERSION = 1;
				DEVELOPMENT_ASSET_PATHS = "\"Steps/Preview Content\"";
				ENABLE_PREVIEWS = YES;
				GENERATE_INFOPLIST_FILE = YES;
				INFOPLIST_FILE = Steps/Info.plist;
				INFOPLIST_KEY_NSHealthShareUsageDescription = "Our app needs to access your step count from your device.";
				INFOPLIST_KEY_NSHealthUpdateUsageDescription = "Our app needs to access your step count from your device.";
				INFOPLIST_KEY_NSMotionUsageDescription = "My app needs access to the pedometer to track the number of steps you take.";
				INFOPLIST_KEY_UIApplicationSceneManifest_Generation = YES;
				INFOPLIST_KEY_UIApplicationSupportsIndirectInputEvents = YES;
				INFOPLIST_KEY_UILaunchScreen_Generation = YES;
				INFOPLIST_KEY_UISupportedInterfaceOrientations = UIInterfaceOrientationPortrait;
				INFOPLIST_KEY_UISupportedInterfaceOrientations_iPad = "UIInterfaceOrientationLandscapeLeft UIInterfaceOrientationLandscapeRight UIInterfaceOrientationPortrait UIInterfaceOrientationPortraitUpsideDown";
				IPHONEOS_DEPLOYMENT_TARGET = 16.0;
				LD_RUNPATH_SEARCH_PATHS = (
					"$(inherited)",
					"@executable_path/Frameworks",
				);
				MARKETING_VERSION = 1.0.1;
				PRODUCT_NAME = "$(TARGET_NAME)";
				SUPPORTED_PLATFORMS = "iphoneos iphonesimulator";
				SUPPORTS_MACCATALYST = NO;
				SUPPORTS_MAC_DESIGNED_FOR_IPHONE_IPAD = NO;
				SWIFT_EMIT_LOC_STRINGS = YES;
				SWIFT_VERSION = 5.0;
				TARGETED_DEVICE_FAMILY = 1;
			};
			name = Release;
		};
		185DB4122949514E003BCC48 /* Debug */ = {
			isa = XCBuildConfiguration;
			baseConfigurationReference = 18D438B62ACF4D6C0027541D /* StepsWidgetConfig.xcconfig */;
			buildSettings = {
				ASSETCATALOG_COMPILER_GLOBAL_ACCENT_COLOR_NAME = AccentColor;
				ASSETCATALOG_COMPILER_WIDGET_BACKGROUND_COLOR_NAME = WidgetBackground;
				CODE_SIGN_ENTITLEMENTS = StepsWidgetExtension.entitlements;
				CODE_SIGN_STYLE = Automatic;
				CURRENT_PROJECT_VERSION = 1;
				GENERATE_INFOPLIST_FILE = YES;
				INFOPLIST_FILE = StepsWidget/Info.plist;
				INFOPLIST_KEY_CFBundleDisplayName = StepsWidget;
				INFOPLIST_KEY_NSHumanReadableCopyright = "";
				LD_RUNPATH_SEARCH_PATHS = (
					"$(inherited)",
					"@executable_path/Frameworks",
					"@executable_path/../../Frameworks",
				);
				MARKETING_VERSION = 1.0;
				PRODUCT_BUNDLE_IDENTIFIER = com.BrittanyRima.Steps.Widget;
				PRODUCT_NAME = "$(TARGET_NAME)";
				SKIP_INSTALL = YES;
				SWIFT_EMIT_LOC_STRINGS = YES;
				SWIFT_VERSION = 5.0;
				TARGETED_DEVICE_FAMILY = "1,2";
			};
			name = Debug;
		};
		185DB4132949514E003BCC48 /* Release */ = {
			isa = XCBuildConfiguration;
			baseConfigurationReference = 18D438B62ACF4D6C0027541D /* StepsWidgetConfig.xcconfig */;
			buildSettings = {
				ASSETCATALOG_COMPILER_GLOBAL_ACCENT_COLOR_NAME = AccentColor;
				ASSETCATALOG_COMPILER_WIDGET_BACKGROUND_COLOR_NAME = WidgetBackground;
				CODE_SIGN_ENTITLEMENTS = StepsWidgetExtension.entitlements;
				CODE_SIGN_STYLE = Automatic;
				CURRENT_PROJECT_VERSION = 1;
				GENERATE_INFOPLIST_FILE = YES;
				INFOPLIST_FILE = StepsWidget/Info.plist;
				INFOPLIST_KEY_CFBundleDisplayName = StepsWidget;
				INFOPLIST_KEY_NSHumanReadableCopyright = "";
				LD_RUNPATH_SEARCH_PATHS = (
					"$(inherited)",
					"@executable_path/Frameworks",
					"@executable_path/../../Frameworks",
				);
				MARKETING_VERSION = 1.0;
				PRODUCT_BUNDLE_IDENTIFIER = com.BrittanyRima.Steps.Widget;
				PRODUCT_NAME = "$(TARGET_NAME)";
				SKIP_INSTALL = YES;
				SWIFT_EMIT_LOC_STRINGS = YES;
				SWIFT_VERSION = 5.0;
				TARGETED_DEVICE_FAMILY = "1,2";
			};
			name = Release;
		};
/* End XCBuildConfiguration section */

/* Begin XCConfigurationList section */
		184E932729401A97005FE1E0 /* Build configuration list for PBXProject "Steps" */ = {
			isa = XCConfigurationList;
			buildConfigurations = (
				184E933829401A98005FE1E0 /* Debug */,
				184E933929401A98005FE1E0 /* Release */,
			);
			defaultConfigurationIsVisible = 0;
			defaultConfigurationName = Release;
		};
		184E933A29401A98005FE1E0 /* Build configuration list for PBXNativeTarget "Steps" */ = {
			isa = XCConfigurationList;
			buildConfigurations = (
				184E933B29401A98005FE1E0 /* Debug */,
				184E933C29401A98005FE1E0 /* Release */,
			);
			defaultConfigurationIsVisible = 0;
			defaultConfigurationName = Release;
		};
		185DB4112949514E003BCC48 /* Build configuration list for PBXNativeTarget "StepsWidgetExtension" */ = {
			isa = XCConfigurationList;
			buildConfigurations = (
				185DB4122949514E003BCC48 /* Debug */,
				185DB4132949514E003BCC48 /* Release */,
			);
			defaultConfigurationIsVisible = 0;
			defaultConfigurationName = Release;
		};
/* End XCConfigurationList section */

/* Begin XCVersionGroup section */
		1838FC1A296A7A5A00EAA116 /* Steps.xcdatamodeld */ = {
			isa = XCVersionGroup;
			children = (
				1838FC1B296A7A5A00EAA116 /* Steps.xcdatamodel */,
			);
			currentVersion = 1838FC1B296A7A5A00EAA116 /* Steps.xcdatamodel */;
			path = Steps.xcdatamodeld;
			sourceTree = "<group>";
			versionGroupType = wrapper.xcdatamodel;
		};
/* End XCVersionGroup section */
	};
	rootObject = 184E932429401A97005FE1E0 /* Project object */;
}
