{
  "pins" : [
    {
      "identity" : "purchases-ios",
      "kind" : "remoteSourceControl",
      "location" : "https://github.com/RevenueCat/purchases-ios",
      "state" : {
        "revision" : "9cfb6adb41dc40d80c104b2ef6e9a84bca03ea48",
        "version" : "4.16.0"
      }
    }
  ],
  "version" : 2
}
